# This file is automatically @generated by Cargo.
# It is not intended for manual editing.
version = 3

[[package]]
name = "algebra"
version = "0.1.0"
dependencies = [
 "prelude",
]

[[package]]
name = "cargo-snippet"
version = "0.6.5"
source = "registry+https://github.com/rust-lang/crates.io-index"
checksum = "5b5d683f04783a882180b7cd232a4e5cb2d01b305e145968e6062a71f66d5ead"

[[package]]
name = "graph"
version = "0.1.0"
dependencies = [
 "prelude",
]

[[package]]
name = "prelude"
version = "0.1.0"
dependencies = [
 "cargo-snippet",
]

[[package]]
name = "range_traits"
version = "0.1.0"
dependencies = [
 "algebra",
 "prelude",
]
